
Microsoft Visual Studio Solution File, Format Version 12.00
# Visual Studio 15
VisualStudioVersion = 15.0.28307.271
MinimumVisualStudioVersion = 10.0.40219.1
Project("{8BC9CEB8-8B4A-11D0-8D11-00A0C91BC942}") = "CIS108_Lab2", "CIS108_Lab2\CIS108_Lab2.vcxproj", "{8D34D575-0D5A-491E-8C3E-41D168A97417}"
EndProject
Project("{8BC9CEB8-8B4A-11D0-8D11-00A0C91BC942}") = "Exercise1", "Exercise1\Exercise1.vcxproj", "{037B7F59-37C8-4F24-A0A5-C49701122EDA}"
EndProject
Project("{8BC9CEB8-8B4A-11D0-8D11-00A0C91BC942}") = "Exercise2", "Exercise2\Exercise2.vcxproj", "{16AA18F2-64EF-4E2F-98B2-79035DD73EE4}"
EndProject
Global
	GlobalSection(SolutionConfigurationPlatforms) = preSolution
		Debug|x64 = Debug|x64
		Debug|x86 = Debug|x86
		Release|x64 = Release|x64
		Release|x86 = Release|x86
	EndGlobalSection
	GlobalSection(ProjectConfigurationPlatforms) = postSolution
		{8D34D575-0D5A-491E-8C3E-41D168A97417}.Debug|x64.ActiveCfg = Debug|x64
		{8D34D575-0D5A-491E-8C3E-41D168A97417}.Debug|x64.Build.0 = Debug|x64
		{8D34D575-0D5A-491E-8C3E-41D168A97417}.Debug|x86.ActiveCfg = Debug|Win32
		{8D34D575-0D5A-491E-8C3E-41D168A97417}.Debug|x86.Build.0 = Debug|Win32
		{8D34D575-0D5A-491E-8C3E-41D168A97417}.Release|x64.ActiveCfg = Release|x64
		{8D34D575-0D5A-491E-8C3E-41D168A97417}.Release|x64.Build.0 = Release|x64
		{8D34D575-0D5A-491E-8C3E-41D168A97417}.Release|x86.ActiveCfg = Release|Win32
		{8D34D575-0D5A-491E-8C3E-41D168A97417}.Release|x86.Build.0 = Release|Win32
		{037B7F59-37C8-4F24-A0A5-C49701122EDA}.Debug|x64.ActiveCfg = Debug|x64
		{037B7F59-37C8-4F24-A0A5-C49701122EDA}.Debug|x64.Build.0 = Debug|x64
		{037B7F59-37C8-4F24-A0A5-C49701122EDA}.Debug|x86.ActiveCfg = Debug|Win32
		{037B7F59-37C8-4F24-A0A5-C49701122EDA}.Debug|x86.Build.0 = Debug|Win32
		{037B7F59-37C8-4F24-A0A5-C49701122EDA}.Release|x64.ActiveCfg = Release|x64
		{037B7F59-37C8-4F24-A0A5-C49701122EDA}.Release|x64.Build.0 = Release|x64
		{037B7F59-37C8-4F24-A0A5-C49701122EDA}.Release|x86.ActiveCfg = Release|Win32
		{037B7F59-37C8-4F24-A0A5-C49701122EDA}.Release|x86.Build.0 = Release|Win32
		{16AA18F2-64EF-4E2F-98B2-79035DD73EE4}.Debug|x64.ActiveCfg = Debug|x64
		{16AA18F2-64EF-4E2F-98B2-79035DD73EE4}.Debug|x64.Build.0 = Debug|x64
		{16AA18F2-64EF-4E2F-98B2-79035DD73EE4}.Debug|x86.ActiveCfg = Debug|Win32
		{16AA18F2-64EF-4E2F-98B2-79035DD73EE4}.Debug|x86.Build.0 = Debug|Win32
		{16AA18F2-64EF-4E2F-98B2-79035DD73EE4}.Release|x64.ActiveCfg = Release|x64
		{16AA18F2-64EF-4E2F-98B2-79035DD73EE4}.Release|x64.Build.0 = Release|x64
		{16AA18F2-64EF-4E2F-98B2-79035DD73EE4}.Release|x86.ActiveCfg = Release|Win32
		{16AA18F2-64EF-4E2F-98B2-79035DD73EE4}.Release|x86.Build.0 = Release|Win32
	EndGlobalSection
	GlobalSection(SolutionProperties) = preSolution
		HideSolutionNode = FALSE
	EndGlobalSection
	GlobalSection(ExtensibilityGlobals) = postSolution
		SolutionGuid = {5DF55927-2FB7-4253-AB2E-7763D84E1797}
	EndGlobalSection
EndGlobal
